{
  "name": "darzi-book-functions",
  "version": "1.0.0",
  "lockfileVersion": 2,
  "requires": true,
  "packages": {
    "": {
      "name": "darzi-book-functions",
      "version": "1.0.0",
      "license": "ISC",
      "dependencies": {
        "firebase-admin": "^11.11.1",
        "firebase-functions": "^4.5.0"
      },
      "devDependencies": {
        "eslint": "^8.15.0",
        "eslint-plugin-promise": "^6.0.0"
      }
    }
  }
}
